
Microsoft Visual Studio Solution File, Format Version 12.00
# Visual Studio Version 16
VisualStudioVersion = 16.0.31402.337
MinimumVisualStudioVersion = 10.0.40219.1
Project("{FAE04EC0-301F-11D3-BF4B-00C04F79EFBC}") = "TestingDeployApplication", "TestingDeployApplication.csproj", "{F821915E-ED44-4229-9C1C-41B8EFA6927F}"
EndProject
Global
	GlobalSection(SolutionConfigurationPlatforms) = preSolution
		Debug|Any CPU = Debug|Any CPU
		Release|Any CPU = Release|Any CPU
	EndGlobalSection
	GlobalSection(ProjectConfigurationPlatforms) = postSolution
		{F821915E-ED44-4229-9C1C-41B8EFA6927F}.Debug|Any CPU.ActiveCfg = Debug|Any CPU
		{F821915E-ED44-4229-9C1C-41B8EFA6927F}.Debug|Any CPU.Build.0 = Debug|Any CPU
		{F821915E-ED44-4229-9C1C-41B8EFA6927F}.Release|Any CPU.ActiveCfg = Release|Any CPU
		{F821915E-ED44-4229-9C1C-41B8EFA6927F}.Release|Any CPU.Build.0 = Release|Any CPU
	EndGlobalSection
	GlobalSection(SolutionProperties) = preSolution
		HideSolutionNode = FALSE
	EndGlobalSection
	GlobalSection(ExtensibilityGlobals) = postSolution
		SolutionGuid = {7C1D766A-8396-416D-A1F7-B16AE5313E9A}
	EndGlobalSection
EndGlobal
